{
  "nodes": {
    "agenix": {
      "inputs": {
        "darwin": [
          "nix-darwin-2311"
        ],
        "home-manager": [
          "home-manager-2305"
        ],
        "nixpkgs": [
          "nixpkgs-2305"
        ]
      },
      "locked": {
        "lastModified": 1696775529,
        "narHash": "sha256-TYlE4B0ktPtlJJF9IFxTWrEeq+XKG8Ny0gc2FGEAdj0=",
        "owner": "ryantm",
        "repo": "agenix",
        "rev": "daf42cb35b2dc614d1551e37f96406e4c4a2d3e4",
        "type": "github"
      },
      "original": {
        "owner": "ryantm",
        "repo": "agenix",
        "type": "github"
      }
    },
    "cloudflare-ips-v4": {
      "flake": false,
      "locked": {
        "narHash": "sha256-V4dThTb8iw02hjngubVtSJbEeWgOS1e/ODt1fLjLZvk=",
        "type": "file",
        "url": "https://www.cloudflare.com/ips-v4"
      },
      "original": {
        "type": "file",
        "url": "https://www.cloudflare.com/ips-v4"
      }
    },
    "cloudflare-ips-v6": {
      "flake": false,
      "locked": {
        "narHash": "sha256-BgpkXCAh/MmK3GTAElKiGJctCYUN+/UgvpuawqGmitE=",
        "type": "file",
        "url": "https://www.cloudflare.com/ips-v6"
      },
      "original": {
        "type": "file",
        "url": "https://www.cloudflare.com/ips-v6"
      }
    },
    "doom-emacs": {
      "flake": false,
      "locked": {
        "lastModified": 1708425448,
        "narHash": "sha256-HbWLLaNhGbAkaHCb0nXwE4YpVfbKF4fHxux49jdJ+Go=",
        "owner": "doomemacs",
        "repo": "doomemacs",
        "rev": "98d753e1036f76551ccaa61f5c810782cda3b48a",
        "type": "github"
      },
      "original": {
        "owner": "doomemacs",
        "repo": "doomemacs",
        "type": "github"
      }
    },
    "home-manager-2305": {
      "inputs": {
        "nixpkgs": [
          "nixpkgs-2305"
        ]
      },
      "locked": {
        "lastModified": 1687871164,
        "narHash": "sha256-bBFlPthuYX322xOlpJvkjUBz0C+MOBjZdDOOJJ+G2jU=",
        "owner": "nix-community",
        "repo": "home-manager",
        "rev": "07c347bb50994691d7b0095f45ebd8838cf6bc38",
        "type": "github"
      },
      "original": {
        "owner": "nix-community",
        "ref": "release-23.05",
        "repo": "home-manager",
        "type": "github"
      }
    },
    "home-manager-2311": {
      "inputs": {
        "nixpkgs": [
          "nixpkgs-2311"
        ]
      },
      "locked": {
        "lastModified": 1712386041,
        "narHash": "sha256-dA82pOMQNnCJMAsPG7AXG35VmCSMZsJHTFlTHizpKWQ=",
        "owner": "nix-community",
        "repo": "home-manager",
        "rev": "d6bb9f934f2870e5cbc5b94c79e9db22246141ff",
        "type": "github"
      },
      "original": {
        "owner": "nix-community",
        "ref": "release-23.11",
        "repo": "home-manager",
        "type": "github"
      }
    },
    "malicious-hosts": {
      "flake": false,
      "locked": {
        "narHash": "sha256-OS+HjVJmh/+F/I5b/NytdtL2uK8yDzZzdj2c0kWMK0Q=",
        "type": "file",
        "url": "https://github.com/StevenBlack/hosts/raw/master/alternates/fakenews-gambling/hosts"
      },
      "original": {
        "type": "file",
        "url": "https://github.com/StevenBlack/hosts/raw/master/alternates/fakenews-gambling/hosts"
      }
    },
    "nix-darwin-2311": {
      "inputs": {
        "nixpkgs": [
          "nixpkgs-2311"
        ]
      },
      "locked": {
        "lastModified": 1711763326,
        "narHash": "sha256-sXcesZWKXFlEQ8oyGHnfk4xc9f2Ip0X/+YZOq3sKviI=",
        "owner": "lnl7",
        "repo": "nix-darwin",
        "rev": "36524adc31566655f2f4d55ad6b875fb5c1a4083",
        "type": "github"
      },
      "original": {
        "owner": "lnl7",
        "ref": "master",
        "repo": "nix-darwin",
        "type": "github"
      }
    },
    "nixpkgs-2211": {
      "locked": {
        "lastModified": 1688392541,
        "narHash": "sha256-lHrKvEkCPTUO+7tPfjIcb7Trk6k31rz18vkyqmkeJfY=",
        "owner": "NixOS",
        "repo": "nixpkgs",
        "rev": "ea4c80b39be4c09702b0cb3b42eab59e2ba4f24b",
        "type": "github"
      },
      "original": {
        "owner": "NixOS",
        "ref": "nixpkgs-22.11-darwin",
        "repo": "nixpkgs",
        "type": "github"
      }
    },
    "nixpkgs-2305": {
      "locked": {
        "lastModified": 1694937365,
        "narHash": "sha256-iHZSGrb9gVpZRR4B2ishUN/1LRKWtSHZNO37C8z1SmA=",
        "owner": "NixOS",
        "repo": "nixpkgs",
        "rev": "5d017a8822e0907fb96f7700a319f9fe2434de02",
        "type": "github"
      },
      "original": {
        "owner": "NixOS",
        "ref": "nixos-23.05",
        "repo": "nixpkgs",
        "type": "github"
      }
    },
    "nixpkgs-2311": {
      "locked": {
        "lastModified": 1713145326,
        "narHash": "sha256-m7+IWM6mkWOg22EC5kRUFCycXsXLSU7hWmHdmBfmC3s=",
        "owner": "NixOS",
        "repo": "nixpkgs",
        "rev": "53a2c32bc66f5ae41a28d7a9a49d321172af621e",
        "type": "github"
      },
      "original": {
        "owner": "NixOS",
        "ref": "nixos-23.11",
        "repo": "nixpkgs",
        "type": "github"
      }
    },
    "nixpkgs-macos-sdk-13": {
      "locked": {
        "lastModified": 1685254091,
        "narHash": "sha256-sD7fr8EwGkW/hEQSqyIvE0S1mfl+RV5N89H8KHlurn4=",
        "owner": "NixOS",
        "repo": "nixpkgs",
        "rev": "177b17abb0afa84781e95954096d1d856c2d00ae",
        "type": "github"
      },
      "original": {
        "owner": "NixOS",
        "ref": "pull/229210/head",
        "repo": "nixpkgs",
        "type": "github"
      }
    },
    "nixpkgs-unstable": {
      "locked": {
        "lastModified": 1723637854,
        "narHash": "sha256-med8+5DSWa2UnOqtdICndjDAEjxr5D7zaIiK4pn0Q7c=",
        "owner": "NixOS",
        "repo": "nixpkgs",
        "rev": "c3aa7b8938b17aebd2deecf7be0636000d62a2b9",
        "type": "github"
      },
      "original": {
        "owner": "NixOS",
        "ref": "nixos-unstable",
        "repo": "nixpkgs",
        "type": "github"
      }
    },
    "root": {
      "inputs": {
        "agenix": "agenix",
        "cloudflare-ips-v4": "cloudflare-ips-v4",
        "cloudflare-ips-v6": "cloudflare-ips-v6",
        "doom-emacs": "doom-emacs",
        "home-manager-2305": "home-manager-2305",
        "home-manager-2311": "home-manager-2311",
        "malicious-hosts": "malicious-hosts",
        "nix-darwin-2311": "nix-darwin-2311",
        "nixpkgs-2211": "nixpkgs-2211",
        "nixpkgs-2305": "nixpkgs-2305",
        "nixpkgs-2311": "nixpkgs-2311",
        "nixpkgs-macos-sdk-13": "nixpkgs-macos-sdk-13",
        "nixpkgs-unstable": "nixpkgs-unstable",
        "yt-dlp": "yt-dlp"
      }
    },
    "yt-dlp": {
      "flake": false,
      "locked": {
        "lastModified": 1716057210,
        "narHash": "sha256-d/IZBRxqnjNpUj9zqmQJ97RibIhyHY/2DP3y9n/Ki5w=",
        "owner": "yt-dlp",
        "repo": "yt-dlp",
        "rev": "3e35aa32c74bc108375be8c8b6b3bfc90dfff1b4",
        "type": "github"
      },
      "original": {
        "owner": "yt-dlp",
        "repo": "yt-dlp",
        "type": "github"
      }
    }
  },
  "root": "root",
  "version": 7
}
