{
  "nodes": {
    "agenix": {
      "inputs": {
        "darwin": [
          "nix-darwin-2511"
        ],
        "home-manager": [
          "home-manager-2511"
        ],
        "nixpkgs": [
          "nixpkgs-2511"
        ],
        "systems": "systems"
      },
      "locked": {
        "lastModified": 1762618334,
        "narHash": "sha256-wyT7Pl6tMFbFrs8Lk/TlEs81N6L+VSybPfiIgzU8lbQ=",
        "owner": "ryantm",
        "repo": "agenix",
        "rev": "fcdea223397448d35d9b31f798479227e80183f6",
        "type": "github"
      },
      "original": {
        "owner": "ryantm",
        "repo": "agenix",
        "type": "github"
      }
    },
    "cloudflare-ips-v4": {
      "flake": false,
      "locked": {
        "narHash": "sha256-V4dThTb8iw02hjngubVtSJbEeWgOS1e/ODt1fLjLZvk=",
        "type": "file",
        "url": "https://www.cloudflare.com/ips-v4"
      },
      "original": {
        "type": "file",
        "url": "https://www.cloudflare.com/ips-v4"
      }
    },
    "cloudflare-ips-v6": {
      "flake": false,
      "locked": {
        "narHash": "sha256-BgpkXCAh/MmK3GTAElKiGJctCYUN+/UgvpuawqGmitE=",
        "type": "file",
        "url": "https://www.cloudflare.com/ips-v6"
      },
      "original": {
        "type": "file",
        "url": "https://www.cloudflare.com/ips-v6"
      }
    },
    "doom-emacs": {
      "flake": false,
      "locked": {
        "lastModified": 1733086132,
        "narHash": "sha256-0dZLv7ombTTn52iNXHYOCB8oWAhjlcckPHEfcQu2CsI=",
        "owner": "doomemacs",
        "repo": "doomemacs",
        "rev": "ec645b83818d0d691493b944b03ffeab70b112bb",
        "type": "github"
      },
      "original": {
        "owner": "doomemacs",
        "repo": "doomemacs",
        "type": "github"
      }
    },
    "home-manager-2511": {
      "inputs": {
        "nixpkgs": [
          "nixpkgs-2511"
        ]
      },
      "locked": {
        "lastModified": 1766939458,
        "narHash": "sha256-VvZeAKyB3vhyHStSO8ACKzWRKNQPmVWktjfuSVdvtUA=",
        "owner": "nix-community",
        "repo": "home-manager",
        "rev": "e298a148013c980e3c8c0ac075295fab5074d643",
        "type": "github"
      },
      "original": {
        "owner": "nix-community",
        "ref": "release-25.11",
        "repo": "home-manager",
        "type": "github"
      }
    },
    "malicious-hosts": {
      "flake": false,
      "locked": {
        "narHash": "sha256-/0kI8uegSr9q6H0En9GPWg7a20jRJgd6vulRWdABCTQ=",
        "type": "file",
        "url": "https://github.com/StevenBlack/hosts/raw/master/alternates/fakenews-gambling/hosts"
      },
      "original": {
        "type": "file",
        "url": "https://github.com/StevenBlack/hosts/raw/master/alternates/fakenews-gambling/hosts"
      }
    },
    "nix-darwin-2511": {
      "inputs": {
        "nixpkgs": [
          "nixpkgs-2511"
        ]
      },
      "locked": {
        "lastModified": 1765066094,
        "narHash": "sha256-0YSU35gfRFJzx/lTGgOt6ubP8K6LeW0vaywzNNqxkl4=",
        "owner": "nix-darwin",
        "repo": "nix-darwin",
        "rev": "688427b1aab9afb478ca07989dc754fa543e03d5",
        "type": "github"
      },
      "original": {
        "owner": "nix-darwin",
        "ref": "nix-darwin-25.11",
        "repo": "nix-darwin",
        "type": "github"
      }
    },
    "nixos-hardware": {
      "locked": {
        "lastModified": 1766568855,
        "narHash": "sha256-UXVtN77D7pzKmzOotFTStgZBqpOcf8cO95FcupWp4Zo=",
        "owner": "NixOS",
        "repo": "nixos-hardware",
        "rev": "c5db9569ac9cc70929c268ac461f4003e3e5ca80",
        "type": "github"
      },
      "original": {
        "owner": "NixOS",
        "repo": "nixos-hardware",
        "type": "github"
      }
    },
    "nixpkgs-2311": {
      "locked": {
        "lastModified": 1713145326,
        "narHash": "sha256-m7+IWM6mkWOg22EC5kRUFCycXsXLSU7hWmHdmBfmC3s=",
        "owner": "NixOS",
        "repo": "nixpkgs",
        "rev": "53a2c32bc66f5ae41a28d7a9a49d321172af621e",
        "type": "github"
      },
      "original": {
        "owner": "NixOS",
        "ref": "nixos-23.11",
        "repo": "nixpkgs",
        "type": "github"
      }
    },
    "nixpkgs-2411": {
      "locked": {
        "lastModified": 1739758141,
        "narHash": "sha256-uq6A2L7o1/tR6VfmYhZWoVAwb3gTy7j4Jx30MIrH0rE=",
        "owner": "NixOS",
        "repo": "nixpkgs",
        "rev": "c618e28f70257593de75a7044438efc1c1fc0791",
        "type": "github"
      },
      "original": {
        "owner": "NixOS",
        "ref": "nixos-24.11",
        "repo": "nixpkgs",
        "type": "github"
      }
    },
    "nixpkgs-2511": {
      "locked": {
        "lastModified": 1765762245,
        "narHash": "sha256-3iXM/zTqEskWtmZs3gqNiVtRTsEjYAedIaLL0mSBsrk=",
        "owner": "NixOS",
        "repo": "nixpkgs",
        "rev": "c8cfcd6ccd422e41cc631a0b73ed4d5a925c393d",
        "type": "github"
      },
      "original": {
        "owner": "NixOS",
        "repo": "nixpkgs",
        "rev": "c8cfcd6ccd422e41cc631a0b73ed4d5a925c393d",
        "type": "github"
      }
    },
    "nixpkgs-macos-sdk-13": {
      "locked": {
        "lastModified": 1685254091,
        "narHash": "sha256-sD7fr8EwGkW/hEQSqyIvE0S1mfl+RV5N89H8KHlurn4=",
        "owner": "NixOS",
        "repo": "nixpkgs",
        "rev": "177b17abb0afa84781e95954096d1d856c2d00ae",
        "type": "github"
      },
      "original": {
        "owner": "NixOS",
        "ref": "pull/229210/head",
        "repo": "nixpkgs",
        "type": "github"
      }
    },
    "nixpkgs-unstable": {
      "locked": {
        "lastModified": 1766902085,
        "narHash": "sha256-coBu0ONtFzlwwVBzmjacUQwj3G+lybcZ1oeNSQkgC0M=",
        "owner": "NixOS",
        "repo": "nixpkgs",
        "rev": "c0b0e0fddf73fd517c3471e546c0df87a42d53f4",
        "type": "github"
      },
      "original": {
        "owner": "NixOS",
        "ref": "nixos-unstable",
        "repo": "nixpkgs",
        "type": "github"
      }
    },
    "root": {
      "inputs": {
        "agenix": "agenix",
        "cloudflare-ips-v4": "cloudflare-ips-v4",
        "cloudflare-ips-v6": "cloudflare-ips-v6",
        "doom-emacs": "doom-emacs",
        "home-manager-2511": "home-manager-2511",
        "malicious-hosts": "malicious-hosts",
        "nix-darwin-2511": "nix-darwin-2511",
        "nixos-hardware": "nixos-hardware",
        "nixpkgs-2311": "nixpkgs-2311",
        "nixpkgs-2411": "nixpkgs-2411",
        "nixpkgs-2511": "nixpkgs-2511",
        "nixpkgs-macos-sdk-13": "nixpkgs-macos-sdk-13",
        "nixpkgs-unstable": "nixpkgs-unstable",
        "yt-dlp": "yt-dlp"
      }
    },
    "systems": {
      "locked": {
        "lastModified": 1681028828,
        "narHash": "sha256-Vy1rq5AaRuLzOxct8nz4T6wlgyUR7zLU309k9mBC768=",
        "owner": "nix-systems",
        "repo": "default",
        "rev": "da67096a3b9bf56a91d16901293e51ba5b49a27e",
        "type": "github"
      },
      "original": {
        "owner": "nix-systems",
        "repo": "default",
        "type": "github"
      }
    },
    "yt-dlp": {
      "flake": false,
      "locked": {
        "lastModified": 1766976603,
        "narHash": "sha256-4b+0trT1d/BajDtuGz8o6nB9UqeRaKwucJ5UR/d0UnQ=",
        "owner": "yt-dlp",
        "repo": "yt-dlp",
        "rev": "fcd47d2db3f871c7b7d638773c36cc503119742d",
        "type": "github"
      },
      "original": {
        "owner": "yt-dlp",
        "repo": "yt-dlp",
        "type": "github"
      }
    }
  },
  "root": "root",
  "version": 7
}
