{
  "nodes": {
    "danPollock": {
      "flake": false,
      "locked": {
        "narHash": "sha256-u8ffOxcuJzJuU1nu0b+2VdORO1IGqnmeMccmcUCaVi4=",
        "type": "file",
        "url": "http://someonewhocares.org/hosts/zero/hosts"
      },
      "original": {
        "type": "file",
        "url": "http://someonewhocares.org/hosts/zero/hosts"
      }
    },
    "nixpkgs": {
      "locked": {
        "lastModified": 1689137672,
        "narHash": "sha256-QZoHxr0a73x6rQcAo5CiwYpysHbSnk7lAR8/16um7mM=",
        "owner": "NixOS",
        "repo": "nixpkgs",
        "rev": "98da3dd0de6660d4abed7bb74e748694bd803413",
        "type": "github"
      },
      "original": {
        "owner": "NixOS",
        "ref": "nixos-23.05",
        "repo": "nixpkgs",
        "type": "github"
      }
    },
    "nixpkgs-aneta": {
      "flake": false,
      "locked": {
        "lastModified": 1588979025,
        "narHash": "sha256-UbV0qz1IfQzORVZwerJuNTYartqHAal+S537W6FOdQM=",
        "owner": "NixOS",
        "repo": "nixpkgs",
        "rev": "d6c1b566b770cf4cf0c6d4a693da6bdf28c2c3b0",
        "type": "github"
      },
      "original": {
        "owner": "NixOS",
        "repo": "nixpkgs",
        "rev": "d6c1b566b770cf4cf0c6d4a693da6bdf28c2c3b0",
        "type": "github"
      }
    },
    "nixpkgs-lenovo-x1": {
      "locked": {
        "lastModified": 1643148353,
        "narHash": "sha256-VMX2quZAFjCoAFzQX23ALsLNA7Y6d6qSNIvz1ySj2iY=",
        "owner": "NixOS",
        "repo": "nixpkgs",
        "rev": "b3d86c56c786ad9530f1400adbd4dfac3c42877b",
        "type": "github"
      },
      "original": {
        "owner": "NixOS",
        "repo": "nixpkgs",
        "rev": "b3d86c56c786ad9530f1400adbd4dfac3c42877b",
        "type": "github"
      }
    },
    "root": {
      "inputs": {
        "danPollock": "danPollock",
        "nixpkgs": "nixpkgs",
        "nixpkgs-aneta": "nixpkgs-aneta",
        "nixpkgs-lenovo-x1": "nixpkgs-lenovo-x1",
        "yt-dlp": "yt-dlp"
      }
    },
    "yt-dlp": {
      "flake": false,
      "locked": {
        "lastModified": 1689455412,
        "narHash": "sha256-h52eeB/AMPoVmQdDNk1Jze7XWEl2x5DXuGf6skGJXxQ=",
        "owner": "yt-dlp",
        "repo": "yt-dlp",
        "rev": "613dbce177d34ffc31053e8e01acf4bb107bcd1e",
        "type": "github"
      },
      "original": {
        "owner": "yt-dlp",
        "repo": "yt-dlp",
        "type": "github"
      }
    }
  },
  "root": "root",
  "version": 7
}
